// !$*UTF8*$!
{
	archiveVersion = 1;
	classes = {
	};
	objectVersion = 50;
	objects = {

/* Begin PBXBuildFile section */
		E235DC482302AF8B0025F2B7 /* ListeCell.swift in Sources */ = {isa = PBXBuildFile; fileRef = E235DC472302AF8B0025F2B7 /* ListeCell.swift */; };
		E235DC4A2302AFBA0025F2B7 /* ViewShadow.swift in Sources */ = {isa = PBXBuildFile; fileRef = E235DC492302AFBA0025F2B7 /* ViewShadow.swift */; };
		E235DC4C2302B5F90025F2B7 /* extension.swift in Sources */ = {isa = PBXBuildFile; fileRef = E235DC4B2302B5F90025F2B7 /* extension.swift */; };
		E235DC4E2302D6F40025F2B7 /* ArticleController.swift in Sources */ = {isa = PBXBuildFile; fileRef = E235DC4D2302D6F40025F2B7 /* ArticleController.swift */; };
		E235DC522302D7550025F2B7 /* AllArticlesController.swift in Sources */ = {isa = PBXBuildFile; fileRef = E235DC512302D7550025F2B7 /* AllArticlesController.swift */; };
		E235DC542302DA250025F2B7 /* AddArticleController.swift in Sources */ = {isa = PBXBuildFile; fileRef = E235DC532302DA250025F2B7 /* AddArticleController.swift */; };
		E235DC5723030C510025F2B7 /* MonArticleCell.swift in Sources */ = {isa = PBXBuildFile; fileRef = E235DC5523030C510025F2B7 /* MonArticleCell.swift */; };
		E235DC5823030C510025F2B7 /* MonArticleCell.xib in Resources */ = {isa = PBXBuildFile; fileRef = E235DC5623030C510025F2B7 /* MonArticleCell.xib */; };
		E2BAEF5923024B1600DA79E8 /* AppDelegate.swift in Sources */ = {isa = PBXBuildFile; fileRef = E2BAEF5823024B1600DA79E8 /* AppDelegate.swift */; };
		E2BAEF5B23024B1600DA79E8 /* ListeController.swift in Sources */ = {isa = PBXBuildFile; fileRef = E2BAEF5A23024B1600DA79E8 /* ListeController.swift */; };
		E2BAEF5E23024B1600DA79E8 /* Main.storyboard in Resources */ = {isa = PBXBuildFile; fileRef = E2BAEF5C23024B1600DA79E8 /* Main.storyboard */; };
		E2BAEF6123024B1600DA79E8 /* CoData.xcdatamodeld in Sources */ = {isa = PBXBuildFile; fileRef = E2BAEF5F23024B1600DA79E8 /* CoData.xcdatamodeld */; };
		E2BAEF6323024B1700DA79E8 /* Assets.xcassets in Resources */ = {isa = PBXBuildFile; fileRef = E2BAEF6223024B1700DA79E8 /* Assets.xcassets */; };
		E2BAEF6623024B1700DA79E8 /* LaunchScreen.storyboard in Resources */ = {isa = PBXBuildFile; fileRef = E2BAEF6423024B1700DA79E8 /* LaunchScreen.storyboard */; };
		E2BAEF6F2302523200DA79E8 /* MaTabBar.swift in Sources */ = {isa = PBXBuildFile; fileRef = E2BAEF6E2302523200DA79E8 /* MaTabBar.swift */; };
		E2BAEF7523025A4200DA79E8 /* CoreDataHelper.swift in Sources */ = {isa = PBXBuildFile; fileRef = E2BAEF7423025A4200DA79E8 /* CoreDataHelper.swift */; };
/* End PBXBuildFile section */

/* Begin PBXFileReference section */
		E235DC472302AF8B0025F2B7 /* ListeCell.swift */ = {isa = PBXFileReference; lastKnownFileType = sourcecode.swift; path = ListeCell.swift; sourceTree = "<group>"; };
		E235DC492302AFBA0025F2B7 /* ViewShadow.swift */ = {isa = PBXFileReference; lastKnownFileType = sourcecode.swift; path = ViewShadow.swift; sourceTree = "<group>"; };
		E235DC4B2302B5F90025F2B7 /* extension.swift */ = {isa = PBXFileReference; lastKnownFileType = sourcecode.swift; path = extension.swift; sourceTree = "<group>"; };
		E235DC4D2302D6F40025F2B7 /* ArticleController.swift */ = {isa = PBXFileReference; lastKnownFileType = sourcecode.swift; path = ArticleController.swift; sourceTree = "<group>"; };
		E235DC512302D7550025F2B7 /* AllArticlesController.swift */ = {isa = PBXFileReference; lastKnownFileType = sourcecode.swift; path = AllArticlesController.swift; sourceTree = "<group>"; };
		E235DC532302DA250025F2B7 /* AddArticleController.swift */ = {isa = PBXFileReference; lastKnownFileType = sourcecode.swift; path = AddArticleController.swift; sourceTree = "<group>"; };
		E235DC5523030C510025F2B7 /* MonArticleCell.swift */ = {isa = PBXFileReference; lastKnownFileType = sourcecode.swift; path = MonArticleCell.swift; sourceTree = "<group>"; };
		E235DC5623030C510025F2B7 /* MonArticleCell.xib */ = {isa = PBXFileReference; lastKnownFileType = file.xib; path = MonArticleCell.xib; sourceTree = "<group>"; };
		E2BAEF5523024B1600DA79E8 /* CoData.app */ = {isa = PBXFileReference; explicitFileType = wrapper.application; includeInIndex = 0; path = CoData.app; sourceTree = BUILT_PRODUCTS_DIR; };
		E2BAEF5823024B1600DA79E8 /* AppDelegate.swift */ = {isa = PBXFileReference; lastKnownFileType = sourcecode.swift; path = AppDelegate.swift; sourceTree = "<group>"; };
		E2BAEF5A23024B1600DA79E8 /* ListeController.swift */ = {isa = PBXFileReference; lastKnownFileType = sourcecode.swift; path = ListeController.swift; sourceTree = "<group>"; };
		E2BAEF5D23024B1600DA79E8 /* Base */ = {isa = PBXFileReference; lastKnownFileType = file.storyboard; name = Base; path = Base.lproj/Main.storyboard; sourceTree = "<group>"; };
		E2BAEF6023024B1600DA79E8 /* CoData.xcdatamodel */ = {isa = PBXFileReference; lastKnownFileType = wrapper.xcdatamodel; path = CoData.xcdatamodel; sourceTree = "<group>"; };
		E2BAEF6223024B1700DA79E8 /* Assets.xcassets */ = {isa = PBXFileReference; lastKnownFileType = folder.assetcatalog; path = Assets.xcassets; sourceTree = "<group>"; };
		E2BAEF6523024B1700DA79E8 /* Base */ = {isa = PBXFileReference; lastKnownFileType = file.storyboard; name = Base; path = Base.lproj/LaunchScreen.storyboard; sourceTree = "<group>"; };
		E2BAEF6723024B1700DA79E8 /* Info.plist */ = {isa = PBXFileReference; lastKnownFileType = text.plist.xml; path = Info.plist; sourceTree = "<group>"; };
		E2BAEF6E2302523200DA79E8 /* MaTabBar.swift */ = {isa = PBXFileReference; lastKnownFileType = sourcecode.swift; path = MaTabBar.swift; sourceTree = "<group>"; };
		E2BAEF7423025A4200DA79E8 /* CoreDataHelper.swift */ = {isa = PBXFileReference; lastKnownFileType = sourcecode.swift; path = CoreDataHelper.swift; sourceTree = "<group>"; };
/* End PBXFileReference section */

/* Begin PBXFrameworksBuildPhase section */
		E2BAEF5223024B1600DA79E8 /* Frameworks */ = {
			isa = PBXFrameworksBuildPhase;
			buildActionMask = 2147483647;
			files = (
			);
			runOnlyForDeploymentPostprocessing = 0;
		};
/* End PBXFrameworksBuildPhase section */

/* Begin PBXGroup section */
		E2BAEF4C23024B1600DA79E8 = {
			isa = PBXGroup;
			children = (
				E2BAEF5723024B1600DA79E8 /* CoData */,
				E2BAEF5623024B1600DA79E8 /* Products */,
			);
			sourceTree = "<group>";
		};
		E2BAEF5623024B1600DA79E8 /* Products */ = {
			isa = PBXGroup;
			children = (
				E2BAEF5523024B1600DA79E8 /* CoData.app */,
			);
			name = Products;
			sourceTree = "<group>";
		};
		E2BAEF5723024B1600DA79E8 /* CoData */ = {
			isa = PBXGroup;
			children = (
				E2BAEF722302546600DA79E8 /* Model */,
				E2BAEF712302541C00DA79E8 /* View */,
				E2BAEF6D230251EC00DA79E8 /* Controller */,
				E2BAEF732302547800DA79E8 /* Interface Builder */,
				E2BAEF5823024B1600DA79E8 /* AppDelegate.swift */,
				E2BAEF6223024B1700DA79E8 /* Assets.xcassets */,
				E2BAEF6423024B1700DA79E8 /* LaunchScreen.storyboard */,
				E2BAEF6723024B1700DA79E8 /* Info.plist */,
			);
			path = CoData;
			sourceTree = "<group>";
		};
		E2BAEF6D230251EC00DA79E8 /* Controller */ = {
			isa = PBXGroup;
			children = (
				E2BAEF5A23024B1600DA79E8 /* ListeController.swift */,
				E2BAEF6E2302523200DA79E8 /* MaTabBar.swift */,
				E235DC4D2302D6F40025F2B7 /* ArticleController.swift */,
				E235DC512302D7550025F2B7 /* AllArticlesController.swift */,
				E235DC532302DA250025F2B7 /* AddArticleController.swift */,
			);
			path = Controller;
			sourceTree = "<group>";
		};
		E2BAEF712302541C00DA79E8 /* View */ = {
			isa = PBXGroup;
			children = (
				E235DC472302AF8B0025F2B7 /* ListeCell.swift */,
				E235DC492302AFBA0025F2B7 /* ViewShadow.swift */,
				E235DC5523030C510025F2B7 /* MonArticleCell.swift */,
				E235DC5623030C510025F2B7 /* MonArticleCell.xib */,
			);
			path = View;
			sourceTree = "<group>";
		};
		E2BAEF722302546600DA79E8 /* Model */ = {
			isa = PBXGroup;
			children = (
				E2BAEF5F23024B1600DA79E8 /* CoData.xcdatamodeld */,
				E2BAEF7423025A4200DA79E8 /* CoreDataHelper.swift */,
				E235DC4B2302B5F90025F2B7 /* extension.swift */,
			);
			path = Model;
			sourceTree = "<group>";
		};
		E2BAEF732302547800DA79E8 /* Interface Builder */ = {
			isa = PBXGroup;
			children = (
				E2BAEF5C23024B1600DA79E8 /* Main.storyboard */,
			);
			path = "Interface Builder";
			sourceTree = "<group>";
		};
/* End PBXGroup section */

/* Begin PBXNativeTarget section */
		E2BAEF5423024B1600DA79E8 /* CoData */ = {
			isa = PBXNativeTarget;
			buildConfigurationList = E2BAEF6A23024B1700DA79E8 /* Build configuration list for PBXNativeTarget "CoData" */;
			buildPhases = (
				E2BAEF5123024B1600DA79E8 /* Sources */,
				E2BAEF5223024B1600DA79E8 /* Frameworks */,
				E2BAEF5323024B1600DA79E8 /* Resources */,
			);
			buildRules = (
			);
			dependencies = (
			);
			name = CoData;
			productName = CoData;
			productReference = E2BAEF5523024B1600DA79E8 /* CoData.app */;
			productType = "com.apple.product-type.application";
		};
/* End PBXNativeTarget section */

/* Begin PBXProject section */
		E2BAEF4D23024B1600DA79E8 /* Project object */ = {
			isa = PBXProject;
			attributes = {
				LastSwiftUpdateCheck = 1030;
				LastUpgradeCheck = 1030;
				ORGANIZATIONNAME = "TRAORE Lionel";
				TargetAttributes = {
					E2BAEF5423024B1600DA79E8 = {
						CreatedOnToolsVersion = 10.3;
					};
				};
			};
			buildConfigurationList = E2BAEF5023024B1600DA79E8 /* Build configuration list for PBXProject "CoData" */;
			compatibilityVersion = "Xcode 9.3";
			developmentRegion = en;
			hasScannedForEncodings = 0;
			knownRegions = (
				en,
				Base,
			);
			mainGroup = E2BAEF4C23024B1600DA79E8;
			productRefGroup = E2BAEF5623024B1600DA79E8 /* Products */;
			projectDirPath = "";
			projectRoot = "";
			targets = (
				E2BAEF5423024B1600DA79E8 /* CoData */,
			);
		};
/* End PBXProject section */

/* Begin PBXResourcesBuildPhase section */
		E2BAEF5323024B1600DA79E8 /* Resources */ = {
			isa = PBXResourcesBuildPhase;
			buildActionMask = 2147483647;
			files = (
				E2BAEF6623024B1700DA79E8 /* LaunchScreen.storyboard in Resources */,
				E235DC5823030C510025F2B7 /* MonArticleCell.xib in Resources */,
				E2BAEF6323024B1700DA79E8 /* Assets.xcassets in Resources */,
				E2BAEF5E23024B1600DA79E8 /* Main.storyboard in Resources */,
			);
			runOnlyForDeploymentPostprocessing = 0;
		};
/* End PBXResourcesBuildPhase section */

/* Begin PBXSourcesBuildPhase section */
		E2BAEF5123024B1600DA79E8 /* Sources */ = {
			isa = PBXSourcesBuildPhase;
			buildActionMask = 2147483647;
			files = (
				E2BAEF7523025A4200DA79E8 /* CoreDataHelper.swift in Sources */,
				E235DC482302AF8B0025F2B7 /* ListeCell.swift in Sources */,
				E235DC4A2302AFBA0025F2B7 /* ViewShadow.swift in Sources */,
				E2BAEF5B23024B1600DA79E8 /* ListeController.swift in Sources */,
				E2BAEF5923024B1600DA79E8 /* AppDelegate.swift in Sources */,
				E235DC542302DA250025F2B7 /* AddArticleController.swift in Sources */,
				E2BAEF6123024B1600DA79E8 /* CoData.xcdatamodeld in Sources */,
				E235DC4E2302D6F40025F2B7 /* ArticleController.swift in Sources */,
				E235DC522302D7550025F2B7 /* AllArticlesController.swift in Sources */,
				E235DC5723030C510025F2B7 /* MonArticleCell.swift in Sources */,
				E2BAEF6F2302523200DA79E8 /* MaTabBar.swift in Sources */,
				E235DC4C2302B5F90025F2B7 /* extension.swift in Sources */,
			);
			runOnlyForDeploymentPostprocessing = 0;
		};
/* End PBXSourcesBuildPhase section */

/* Begin PBXVariantGroup section */
		E2BAEF5C23024B1600DA79E8 /* Main.storyboard */ = {
			isa = PBXVariantGroup;
			children = (
				E2BAEF5D23024B1600DA79E8 /* Base */,
			);
			name = Main.storyboard;
			sourceTree = "<group>";
		};
		E2BAEF6423024B1700DA79E8 /* LaunchScreen.storyboard */ = {
			isa = PBXVariantGroup;
			children = (
				E2BAEF6523024B1700DA79E8 /* Base */,
			);
			name = LaunchScreen.storyboard;
			sourceTree = "<group>";
		};
/* End PBXVariantGroup section */

/* Begin XCBuildConfiguration section */
		E2BAEF6823024B1700DA79E8 /* Debug */ = {
			isa = XCBuildConfiguration;
			buildSettings = {
				ALWAYS_SEARCH_USER_PATHS = NO;
				CLANG_ANALYZER_NONNULL = YES;
				CLANG_ANALYZER_NUMBER_OBJECT_CONVERSION = YES_AGGRESSIVE;
				CLANG_CXX_LANGUAGE_STANDARD = "gnu++14";
				CLANG_CXX_LIBRARY = "libc++";
				CLANG_ENABLE_MODULES = YES;
				CLANG_ENABLE_OBJC_ARC = YES;
				CLANG_ENABLE_OBJC_WEAK = YES;
				CLANG_WARN_BLOCK_CAPTURE_AUTORELEASING = YES;
				CLANG_WARN_BOOL_CONVERSION = YES;
				CLANG_WARN_COMMA = YES;
				CLANG_WARN_CONSTANT_CONVERSION = YES;
				CLANG_WARN_DEPRECATED_OBJC_IMPLEMENTATIONS = YES;
				CLANG_WARN_DIRECT_OBJC_ISA_USAGE = YES_ERROR;
				CLANG_WARN_DOCUMENTATION_COMMENTS = YES;
				CLANG_WARN_EMPTY_BODY = YES;
				CLANG_WARN_ENUM_CONVERSION = YES;
				CLANG_WARN_INFINITE_RECURSION = YES;
				CLANG_WARN_INT_CONVERSION = YES;
				CLANG_WARN_NON_LITERAL_NULL_CONVERSION = YES;
				CLANG_WARN_OBJC_IMPLICIT_RETAIN_SELF = YES;
				CLANG_WARN_OBJC_LITERAL_CONVERSION = YES;
				CLANG_WARN_OBJC_ROOT_CLASS = YES_ERROR;
				CLANG_WARN_RANGE_LOOP_ANALYSIS = YES;
				CLANG_WARN_STRICT_PROTOTYPES = YES;
				CLANG_WARN_SUSPICIOUS_MOVE = YES;
				CLANG_WARN_UNGUARDED_AVAILABILITY = YES_AGGRESSIVE;
				CLANG_WARN_UNREACHABLE_CODE = YES;
				CLANG_WARN__DUPLICATE_METHOD_MATCH = YES;
				CODE_SIGN_IDENTITY = "iPhone Developer";
				COPY_PHASE_STRIP = NO;
				DEBUG_INFORMATION_FORMAT = dwarf;
				ENABLE_STRICT_OBJC_MSGSEND = YES;
				ENABLE_TESTABILITY = YES;
				GCC_C_LANGUAGE_STANDARD = gnu11;
				GCC_DYNAMIC_NO_PIC = NO;
				GCC_NO_COMMON_BLOCKS = YES;
				GCC_OPTIMIZATION_LEVEL = 0;
				GCC_PREPROCESSOR_DEFINITIONS = (
					"DEBUG=1",
					"$(inherited)",
				);
				GCC_WARN_64_TO_32_BIT_CONVERSION = YES;
				GCC_WARN_ABOUT_RETURN_TYPE = YES_ERROR;
				GCC_WARN_UNDECLARED_SELECTOR = YES;
				GCC_WARN_UNINITIALIZED_AUTOS = YES_AGGRESSIVE;
				GCC_WARN_UNUSED_FUNCTION = YES;
				GCC_WARN_UNUSED_VARIABLE = YES;
				IPHONEOS_DEPLOYMENT_TARGET = 12.4;
				MTL_ENABLE_DEBUG_INFO = INCLUDE_SOURCE;
				MTL_FAST_MATH = YES;
				ONLY_ACTIVE_ARCH = YES;
				SDKROOT = iphoneos;
				SWIFT_ACTIVE_COMPILATION_CONDITIONS = DEBUG;
				SWIFT_OPTIMIZATION_LEVEL = "-Onone";
			};
			name = Debug;
		};
		E2BAEF6923024B1700DA79E8 /* Release */ = {
			isa = XCBuildConfiguration;
			buildSettings = {
				ALWAYS_SEARCH_USER_PATHS = NO;
				CLANG_ANALYZER_NONNULL = YES;
				CLANG_ANALYZER_NUMBER_OBJECT_CONVERSION = YES_AGGRESSIVE;
				CLANG_CXX_LANGUAGE_STANDARD = "gnu++14";
				CLANG_CXX_LIBRARY = "libc++";
				CLANG_ENABLE_MODULES = YES;
				CLANG_ENABLE_OBJC_ARC = YES;
				CLANG_ENABLE_OBJC_WEAK = YES;
				CLANG_WARN_BLOCK_CAPTURE_AUTORELEASING = YES;
				CLANG_WARN_BOOL_CONVERSION = YES;
				CLANG_WARN_COMMA = YES;
				CLANG_WARN_CONSTANT_CONVERSION = YES;
				CLANG_WARN_DEPRECATED_OBJC_IMPLEMENTATIONS = YES;
				CLANG_WARN_DIRECT_OBJC_ISA_USAGE = YES_ERROR;
				CLANG_WARN_DOCUMENTATION_COMMENTS = YES;
				CLANG_WARN_EMPTY_BODY = YES;
				CLANG_WARN_ENUM_CONVERSION = YES;
				CLANG_WARN_INFINITE_RECURSION = YES;
				CLANG_WARN_INT_CONVERSION = YES;
				CLANG_WARN_NON_LITERAL_NULL_CONVERSION = YES;
				CLANG_WARN_OBJC_IMPLICIT_RETAIN_SELF = YES;
				CLANG_WARN_OBJC_LITERAL_CONVERSION = YES;
				CLANG_WARN_OBJC_ROOT_CLASS = YES_ERROR;
				CLANG_WARN_RANGE_LOOP_ANALYSIS = YES;
				CLANG_WARN_STRICT_PROTOTYPES = YES;
				CLANG_WARN_SUSPICIOUS_MOVE = YES;
				CLANG_WARN_UNGUARDED_AVAILABILITY = YES_AGGRESSIVE;
				CLANG_WARN_UNREACHABLE_CODE = YES;
				CLANG_WARN__DUPLICATE_METHOD_MATCH = YES;
				CODE_SIGN_IDENTITY = "iPhone Developer";
				COPY_PHASE_STRIP = NO;
				DEBUG_INFORMATION_FORMAT = "dwarf-with-dsym";
				ENABLE_NS_ASSERTIONS = NO;
				ENABLE_STRICT_OBJC_MSGSEND = YES;
				GCC_C_LANGUAGE_STANDARD = gnu11;
				GCC_NO_COMMON_BLOCKS = YES;
				GCC_WARN_64_TO_32_BIT_CONVERSION = YES;
				GCC_WARN_ABOUT_RETURN_TYPE = YES_ERROR;
				GCC_WARN_UNDECLARED_SELECTOR = YES;
				GCC_WARN_UNINITIALIZED_AUTOS = YES_AGGRESSIVE;
				GCC_WARN_UNUSED_FUNCTION = YES;
				GCC_WARN_UNUSED_VARIABLE = YES;
				IPHONEOS_DEPLOYMENT_TARGET = 12.4;
				MTL_ENABLE_DEBUG_INFO = NO;
				MTL_FAST_MATH = YES;
				SDKROOT = iphoneos;
				SWIFT_COMPILATION_MODE = wholemodule;
				SWIFT_OPTIMIZATION_LEVEL = "-O";
				VALIDATE_PRODUCT = YES;
			};
			name = Release;
		};
		E2BAEF6B23024B1700DA79E8 /* Debug */ = {
			isa = XCBuildConfiguration;
			buildSettings = {
				ASSETCATALOG_COMPILER_APPICON_NAME = AppIcon;
				CODE_SIGN_STYLE = Automatic;
				DEVELOPMENT_TEAM = FJCUFZHZ4W;
				INFOPLIST_FILE = CoData/Info.plist;
				LD_RUNPATH_SEARCH_PATHS = (
					"$(inherited)",
					"@executable_path/Frameworks",
				);
				PRODUCT_BUNDLE_IDENTIFIER = MAAH.CoData;
				PRODUCT_NAME = "$(TARGET_NAME)";
				SWIFT_VERSION = 5.0;
				TARGETED_DEVICE_FAMILY = "1,2";
			};
			name = Debug;
		};
		E2BAEF6C23024B1700DA79E8 /* Release */ = {
			isa = XCBuildConfiguration;
			buildSettings = {
				ASSETCATALOG_COMPILER_APPICON_NAME = AppIcon;
				CODE_SIGN_STYLE = Automatic;
				DEVELOPMENT_TEAM = FJCUFZHZ4W;
				INFOPLIST_FILE = CoData/Info.plist;
				LD_RUNPATH_SEARCH_PATHS = (
					"$(inherited)",
					"@executable_path/Frameworks",
				);
				PRODUCT_BUNDLE_IDENTIFIER = MAAH.CoData;
				PRODUCT_NAME = "$(TARGET_NAME)";
				SWIFT_VERSION = 5.0;
				TARGETED_DEVICE_FAMILY = "1,2";
			};
			name = Release;
		};
/* End XCBuildConfiguration section */

/* Begin XCConfigurationList section */
		E2BAEF5023024B1600DA79E8 /* Build configuration list for PBXProject "CoData" */ = {
			isa = XCConfigurationList;
			buildConfigurations = (
				E2BAEF6823024B1700DA79E8 /* Debug */,
				E2BAEF6923024B1700DA79E8 /* Release */,
			);
			defaultConfigurationIsVisible = 0;
			defaultConfigurationName = Release;
		};
		E2BAEF6A23024B1700DA79E8 /* Build configuration list for PBXNativeTarget "CoData" */ = {
			isa = XCConfigurationList;
			buildConfigurations = (
				E2BAEF6B23024B1700DA79E8 /* Debug */,
				E2BAEF6C23024B1700DA79E8 /* Release */,
			);
			defaultConfigurationIsVisible = 0;
			defaultConfigurationName = Release;
		};
/* End XCConfigurationList section */

/* Begin XCVersionGroup section */
		E2BAEF5F23024B1600DA79E8 /* CoData.xcdatamodeld */ = {
			isa = XCVersionGroup;
			children = (
				E2BAEF6023024B1600DA79E8 /* CoData.xcdatamodel */,
			);
			currentVersion = E2BAEF6023024B1600DA79E8 /* CoData.xcdatamodel */;
			path = CoData.xcdatamodeld;
			sourceTree = "<group>";
			versionGroupType = wrapper.xcdatamodel;
		};
/* End XCVersionGroup section */
	};
	rootObject = E2BAEF4D23024B1600DA79E8 /* Project object */;
}
